
Microsoft Visual Studio Solution File, Format Version 12.00
# Visual Studio Version 16
VisualStudioVersion = 16.0.31321.278
MinimumVisualStudioVersion = 10.0.40219.1
Project("{FAE04EC0-301F-11D3-BF4B-00C04F79EFBC}") = "TShopApi", "TShopApi\TShopApi.csproj", "{8B6FA12A-F99F-4CB9-AD29-51E531891333}"
EndProject
Global
	GlobalSection(SolutionConfigurationPlatforms) = preSolution
		Debug|Any CPU = Debug|Any CPU
		Release|Any CPU = Release|Any CPU
	EndGlobalSection
	GlobalSection(ProjectConfigurationPlatforms) = postSolution
		{8B6FA12A-F99F-4CB9-AD29-51E531891333}.Debug|Any CPU.ActiveCfg = Debug|Any CPU
		{8B6FA12A-F99F-4CB9-AD29-51E531891333}.Debug|Any CPU.Build.0 = Debug|Any CPU
		{8B6FA12A-F99F-4CB9-AD29-51E531891333}.Release|Any CPU.ActiveCfg = Release|Any CPU
		{8B6FA12A-F99F-4CB9-AD29-51E531891333}.Release|Any CPU.Build.0 = Release|Any CPU
	EndGlobalSection
	GlobalSection(SolutionProperties) = preSolution
		HideSolutionNode = FALSE
	EndGlobalSection
	GlobalSection(ExtensibilityGlobals) = postSolution
		SolutionGuid = {1D0E6C45-DF55-4AA3-B6D4-76C52B31A9F7}
	EndGlobalSection
EndGlobal
